
Microsoft Visual Studio Solution File, Format Version 12.00
# Visual Studio Version 16
VisualStudioVersion = 16.0.30011.22
MinimumVisualStudioVersion = 10.0.40219.1
Project("{9A19103F-16F7-4668-BE54-9A1E7A4F7556}") = "SimpleFactory", "SimpleFactory\SimpleFactory.csproj", "{3AE6B718-E409-4123-BD49-491B5EDBE6BF}"
EndProject
Project("{9A19103F-16F7-4668-BE54-9A1E7A4F7556}") = "StategyPattern", "StategyPattern\StategyPattern.csproj", "{0D038A10-7E0B-42C6-A2D9-5071F9E68DB7}"
EndProject
Project("{9A19103F-16F7-4668-BE54-9A1E7A4F7556}") = "TemplateMethod", "TemplateMethod\TemplateMethod.csproj", "{EA3BAC91-435A-4529-B621-6CE962D7CA70}"
EndProject
Project("{9A19103F-16F7-4668-BE54-9A1E7A4F7556}") = "FacadePattern", "FacadePattern\FacadePattern.csproj", "{FFDFDEBF-8968-419F-BDBE-D162CD8231A3}"
EndProject
Project("{9A19103F-16F7-4668-BE54-9A1E7A4F7556}") = "BuilderPattern", "BuilderPattern\BuilderPattern.csproj", "{245B1925-3D49-4D33-93C0-5F124908C29D}"
EndProject
Project("{9A19103F-16F7-4668-BE54-9A1E7A4F7556}") = "AdapterPattern", "AdapterPattern\AdapterPattern.csproj", "{AABEA77D-3C77-42CE-A3A3-0B4E398427A9}"
EndProject
Project("{9A19103F-16F7-4668-BE54-9A1E7A4F7556}") = "FactoryMethod", "FactoryMethod\FactoryMethod.csproj", "{DCAB2CB1-118E-410C-895F-870D93EBCA0F}"
EndProject
Project("{9A19103F-16F7-4668-BE54-9A1E7A4F7556}") = "AbstractFactory", "AbstractFactory\AbstractFactory.csproj", "{C2C741E7-387D-4CC0-9C19-76C53C9FDD56}"
EndProject
Project("{9A19103F-16F7-4668-BE54-9A1E7A4F7556}") = "Singleton", "Singleton\Singleton.csproj", "{D1BF277C-02DD-4C79-AAC2-C765F6D9E122}"
EndProject
Project("{9A19103F-16F7-4668-BE54-9A1E7A4F7556}") = "Prototype", "Prototype\Prototype.csproj", "{D3D256CE-D2CC-4081-8986-034EFA311849}"
EndProject
Project("{9A19103F-16F7-4668-BE54-9A1E7A4F7556}") = "Composite", "Composite\Composite.csproj", "{ED4951E5-0490-4D8E-B34D-2C8D60FD7042}"
EndProject
Project("{9A19103F-16F7-4668-BE54-9A1E7A4F7556}") = "Observer", "Observer\Observer.csproj", "{E2747178-6575-452E-BED3-6F33F2587225}"
EndProject
Project("{9A19103F-16F7-4668-BE54-9A1E7A4F7556}") = "Observer02", "Observer02\Observer02.csproj", "{ED82787A-9454-447C-AEEB-5858DBFE6B46}"
EndProject
Project("{9A19103F-16F7-4668-BE54-9A1E7A4F7556}") = "IteratorPattern", "IteratorPattern\IteratorPattern.csproj", "{71257A0C-5B1C-43F2-B4CB-145E82FD4A01}"
EndProject
Project("{9A19103F-16F7-4668-BE54-9A1E7A4F7556}") = "IteratorPattern02", "IteratorPattern02\IteratorPattern02.csproj", "{DB798FBB-FDFD-47A0-AC35-1220EB583119}"
EndProject
Project("{9A19103F-16F7-4668-BE54-9A1E7A4F7556}") = "CommandPattern", "CommandPattern\CommandPattern.csproj", "{F045E8D6-30D0-4675-8E34-E8C9EB2E43CD}"
EndProject
Project("{9A19103F-16F7-4668-BE54-9A1E7A4F7556}") = "StatePattern", "StatePattern\StatePattern.csproj", "{50FB10BA-2AAD-490E-804A-AAC0846187EF}"
EndProject
Project("{9A19103F-16F7-4668-BE54-9A1E7A4F7556}") = "StatePattern02", "StatePattern02\StatePattern02.csproj", "{517749B4-2C87-4684-A7D2-D3A646DCF7F6}"
EndProject
Project("{9A19103F-16F7-4668-BE54-9A1E7A4F7556}") = "StatePattern03", "StatePattern03\StatePattern03.csproj", "{E45E4F34-97C0-4EBB-9B2E-4CE99A92F23D}"
EndProject
Project("{9A19103F-16F7-4668-BE54-9A1E7A4F7556}") = "StatePattern04", "StatePattern04\StatePattern04.csproj", "{4A830182-93E2-4686-94EC-3DFB8751C727}"
EndProject
Project("{9A19103F-16F7-4668-BE54-9A1E7A4F7556}") = "ProxyPattern", "ProxyPattern\ProxyPattern.csproj", "{505970BA-AC87-4502-9356-B8872F2DF89B}"
EndProject
Project("{2150E333-8FDC-42A3-9474-1A3956D46DE8}") = "01创建型", "01创建型", "{8D74B045-F9B3-4B4D-AEA1-9E8943CFADCC}"
EndProject
Project("{2150E333-8FDC-42A3-9474-1A3956D46DE8}") = "02结构型", "02结构型", "{7E0C54AA-7D67-4FE3-B3D8-BCE1F1C4A87C}"
EndProject
Project("{2150E333-8FDC-42A3-9474-1A3956D46DE8}") = "03行为型", "03行为型", "{DFDA6C79-78B0-480C-BF5F-08FD8C9BB532}"
EndProject
Project("{9A19103F-16F7-4668-BE54-9A1E7A4F7556}") = "ProxySubject02", "ProxySubject02\ProxySubject02.csproj", "{7E08E11C-C252-4D28-83EB-771F9403E564}"
EndProject
Project("{9A19103F-16F7-4668-BE54-9A1E7A4F7556}") = "ResponsibilityChain", "ResponsibilityChain\ResponsibilityChain.csproj", "{22BD84CE-DF77-491A-829C-038F8D70A908}"
EndProject
Project("{9A19103F-16F7-4668-BE54-9A1E7A4F7556}") = "MediatorPattern", "MediatorPattern\MediatorPattern.csproj", "{A8FEDFD7-541D-48CA-822E-DF44F4FEA51F}"
EndProject
Project("{9A19103F-16F7-4668-BE54-9A1E7A4F7556}") = "MementoPattern", "MementoPattern\MementoPattern.csproj", "{D9836600-46BF-40BA-B6EE-59564C692A73}"
EndProject
Global
	GlobalSection(SolutionConfigurationPlatforms) = preSolution
		Debug|Any CPU = Debug|Any CPU
		Release|Any CPU = Release|Any CPU
	EndGlobalSection
	GlobalSection(ProjectConfigurationPlatforms) = postSolution
		{3AE6B718-E409-4123-BD49-491B5EDBE6BF}.Debug|Any CPU.ActiveCfg = Debug|Any CPU
		{3AE6B718-E409-4123-BD49-491B5EDBE6BF}.Debug|Any CPU.Build.0 = Debug|Any CPU
		{3AE6B718-E409-4123-BD49-491B5EDBE6BF}.Release|Any CPU.ActiveCfg = Release|Any CPU
		{3AE6B718-E409-4123-BD49-491B5EDBE6BF}.Release|Any CPU.Build.0 = Release|Any CPU
		{0D038A10-7E0B-42C6-A2D9-5071F9E68DB7}.Debug|Any CPU.ActiveCfg = Debug|Any CPU
		{0D038A10-7E0B-42C6-A2D9-5071F9E68DB7}.Debug|Any CPU.Build.0 = Debug|Any CPU
		{0D038A10-7E0B-42C6-A2D9-5071F9E68DB7}.Release|Any CPU.ActiveCfg = Release|Any CPU
		{0D038A10-7E0B-42C6-A2D9-5071F9E68DB7}.Release|Any CPU.Build.0 = Release|Any CPU
		{EA3BAC91-435A-4529-B621-6CE962D7CA70}.Debug|Any CPU.ActiveCfg = Debug|Any CPU
		{EA3BAC91-435A-4529-B621-6CE962D7CA70}.Debug|Any CPU.Build.0 = Debug|Any CPU
		{EA3BAC91-435A-4529-B621-6CE962D7CA70}.Release|Any CPU.ActiveCfg = Release|Any CPU
		{EA3BAC91-435A-4529-B621-6CE962D7CA70}.Release|Any CPU.Build.0 = Release|Any CPU
		{FFDFDEBF-8968-419F-BDBE-D162CD8231A3}.Debug|Any CPU.ActiveCfg = Debug|Any CPU
		{FFDFDEBF-8968-419F-BDBE-D162CD8231A3}.Debug|Any CPU.Build.0 = Debug|Any CPU
		{FFDFDEBF-8968-419F-BDBE-D162CD8231A3}.Release|Any CPU.ActiveCfg = Release|Any CPU
		{FFDFDEBF-8968-419F-BDBE-D162CD8231A3}.Release|Any CPU.Build.0 = Release|Any CPU
		{245B1925-3D49-4D33-93C0-5F124908C29D}.Debug|Any CPU.ActiveCfg = Debug|Any CPU
		{245B1925-3D49-4D33-93C0-5F124908C29D}.Debug|Any CPU.Build.0 = Debug|Any CPU
		{245B1925-3D49-4D33-93C0-5F124908C29D}.Release|Any CPU.ActiveCfg = Release|Any CPU
		{245B1925-3D49-4D33-93C0-5F124908C29D}.Release|Any CPU.Build.0 = Release|Any CPU
		{AABEA77D-3C77-42CE-A3A3-0B4E398427A9}.Debug|Any CPU.ActiveCfg = Debug|Any CPU
		{AABEA77D-3C77-42CE-A3A3-0B4E398427A9}.Debug|Any CPU.Build.0 = Debug|Any CPU
		{AABEA77D-3C77-42CE-A3A3-0B4E398427A9}.Release|Any CPU.ActiveCfg = Release|Any CPU
		{AABEA77D-3C77-42CE-A3A3-0B4E398427A9}.Release|Any CPU.Build.0 = Release|Any CPU
		{DCAB2CB1-118E-410C-895F-870D93EBCA0F}.Debug|Any CPU.ActiveCfg = Debug|Any CPU
		{DCAB2CB1-118E-410C-895F-870D93EBCA0F}.Debug|Any CPU.Build.0 = Debug|Any CPU
		{DCAB2CB1-118E-410C-895F-870D93EBCA0F}.Release|Any CPU.ActiveCfg = Release|Any CPU
		{DCAB2CB1-118E-410C-895F-870D93EBCA0F}.Release|Any CPU.Build.0 = Release|Any CPU
		{C2C741E7-387D-4CC0-9C19-76C53C9FDD56}.Debug|Any CPU.ActiveCfg = Debug|Any CPU
		{C2C741E7-387D-4CC0-9C19-76C53C9FDD56}.Debug|Any CPU.Build.0 = Debug|Any CPU
		{C2C741E7-387D-4CC0-9C19-76C53C9FDD56}.Release|Any CPU.ActiveCfg = Release|Any CPU
		{C2C741E7-387D-4CC0-9C19-76C53C9FDD56}.Release|Any CPU.Build.0 = Release|Any CPU
		{D1BF277C-02DD-4C79-AAC2-C765F6D9E122}.Debug|Any CPU.ActiveCfg = Debug|Any CPU
		{D1BF277C-02DD-4C79-AAC2-C765F6D9E122}.Debug|Any CPU.Build.0 = Debug|Any CPU
		{D1BF277C-02DD-4C79-AAC2-C765F6D9E122}.Release|Any CPU.ActiveCfg = Release|Any CPU
		{D1BF277C-02DD-4C79-AAC2-C765F6D9E122}.Release|Any CPU.Build.0 = Release|Any CPU
		{D3D256CE-D2CC-4081-8986-034EFA311849}.Debug|Any CPU.ActiveCfg = Debug|Any CPU
		{D3D256CE-D2CC-4081-8986-034EFA311849}.Debug|Any CPU.Build.0 = Debug|Any CPU
		{D3D256CE-D2CC-4081-8986-034EFA311849}.Release|Any CPU.ActiveCfg = Release|Any CPU
		{D3D256CE-D2CC-4081-8986-034EFA311849}.Release|Any CPU.Build.0 = Release|Any CPU
		{ED4951E5-0490-4D8E-B34D-2C8D60FD7042}.Debug|Any CPU.ActiveCfg = Debug|Any CPU
		{ED4951E5-0490-4D8E-B34D-2C8D60FD7042}.Debug|Any CPU.Build.0 = Debug|Any CPU
		{ED4951E5-0490-4D8E-B34D-2C8D60FD7042}.Release|Any CPU.ActiveCfg = Release|Any CPU
		{ED4951E5-0490-4D8E-B34D-2C8D60FD7042}.Release|Any CPU.Build.0 = Release|Any CPU
		{E2747178-6575-452E-BED3-6F33F2587225}.Debug|Any CPU.ActiveCfg = Debug|Any CPU
		{E2747178-6575-452E-BED3-6F33F2587225}.Debug|Any CPU.Build.0 = Debug|Any CPU
		{E2747178-6575-452E-BED3-6F33F2587225}.Release|Any CPU.ActiveCfg = Release|Any CPU
		{E2747178-6575-452E-BED3-6F33F2587225}.Release|Any CPU.Build.0 = Release|Any CPU
		{ED82787A-9454-447C-AEEB-5858DBFE6B46}.Debug|Any CPU.ActiveCfg = Debug|Any CPU
		{ED82787A-9454-447C-AEEB-5858DBFE6B46}.Debug|Any CPU.Build.0 = Debug|Any CPU
		{ED82787A-9454-447C-AEEB-5858DBFE6B46}.Release|Any CPU.ActiveCfg = Release|Any CPU
		{ED82787A-9454-447C-AEEB-5858DBFE6B46}.Release|Any CPU.Build.0 = Release|Any CPU
		{71257A0C-5B1C-43F2-B4CB-145E82FD4A01}.Debug|Any CPU.ActiveCfg = Debug|Any CPU
		{71257A0C-5B1C-43F2-B4CB-145E82FD4A01}.Debug|Any CPU.Build.0 = Debug|Any CPU
		{71257A0C-5B1C-43F2-B4CB-145E82FD4A01}.Release|Any CPU.ActiveCfg = Release|Any CPU
		{71257A0C-5B1C-43F2-B4CB-145E82FD4A01}.Release|Any CPU.Build.0 = Release|Any CPU
		{DB798FBB-FDFD-47A0-AC35-1220EB583119}.Debug|Any CPU.ActiveCfg = Debug|Any CPU
		{DB798FBB-FDFD-47A0-AC35-1220EB583119}.Debug|Any CPU.Build.0 = Debug|Any CPU
		{DB798FBB-FDFD-47A0-AC35-1220EB583119}.Release|Any CPU.ActiveCfg = Release|Any CPU
		{DB798FBB-FDFD-47A0-AC35-1220EB583119}.Release|Any CPU.Build.0 = Release|Any CPU
		{F045E8D6-30D0-4675-8E34-E8C9EB2E43CD}.Debug|Any CPU.ActiveCfg = Debug|Any CPU
		{F045E8D6-30D0-4675-8E34-E8C9EB2E43CD}.Debug|Any CPU.Build.0 = Debug|Any CPU
		{F045E8D6-30D0-4675-8E34-E8C9EB2E43CD}.Release|Any CPU.ActiveCfg = Release|Any CPU
		{F045E8D6-30D0-4675-8E34-E8C9EB2E43CD}.Release|Any CPU.Build.0 = Release|Any CPU
		{50FB10BA-2AAD-490E-804A-AAC0846187EF}.Debug|Any CPU.ActiveCfg = Debug|Any CPU
		{50FB10BA-2AAD-490E-804A-AAC0846187EF}.Debug|Any CPU.Build.0 = Debug|Any CPU
		{50FB10BA-2AAD-490E-804A-AAC0846187EF}.Release|Any CPU.ActiveCfg = Release|Any CPU
		{50FB10BA-2AAD-490E-804A-AAC0846187EF}.Release|Any CPU.Build.0 = Release|Any CPU
		{517749B4-2C87-4684-A7D2-D3A646DCF7F6}.Debug|Any CPU.ActiveCfg = Debug|Any CPU
		{517749B4-2C87-4684-A7D2-D3A646DCF7F6}.Debug|Any CPU.Build.0 = Debug|Any CPU
		{517749B4-2C87-4684-A7D2-D3A646DCF7F6}.Release|Any CPU.ActiveCfg = Release|Any CPU
		{517749B4-2C87-4684-A7D2-D3A646DCF7F6}.Release|Any CPU.Build.0 = Release|Any CPU
		{E45E4F34-97C0-4EBB-9B2E-4CE99A92F23D}.Debug|Any CPU.ActiveCfg = Debug|Any CPU
		{E45E4F34-97C0-4EBB-9B2E-4CE99A92F23D}.Debug|Any CPU.Build.0 = Debug|Any CPU
		{E45E4F34-97C0-4EBB-9B2E-4CE99A92F23D}.Release|Any CPU.ActiveCfg = Release|Any CPU
		{E45E4F34-97C0-4EBB-9B2E-4CE99A92F23D}.Release|Any CPU.Build.0 = Release|Any CPU
		{4A830182-93E2-4686-94EC-3DFB8751C727}.Debug|Any CPU.ActiveCfg = Debug|Any CPU
		{4A830182-93E2-4686-94EC-3DFB8751C727}.Debug|Any CPU.Build.0 = Debug|Any CPU
		{4A830182-93E2-4686-94EC-3DFB8751C727}.Release|Any CPU.ActiveCfg = Release|Any CPU
		{4A830182-93E2-4686-94EC-3DFB8751C727}.Release|Any CPU.Build.0 = Release|Any CPU
		{505970BA-AC87-4502-9356-B8872F2DF89B}.Debug|Any CPU.ActiveCfg = Debug|Any CPU
		{505970BA-AC87-4502-9356-B8872F2DF89B}.Debug|Any CPU.Build.0 = Debug|Any CPU
		{505970BA-AC87-4502-9356-B8872F2DF89B}.Release|Any CPU.ActiveCfg = Release|Any CPU
		{505970BA-AC87-4502-9356-B8872F2DF89B}.Release|Any CPU.Build.0 = Release|Any CPU
		{7E08E11C-C252-4D28-83EB-771F9403E564}.Debug|Any CPU.ActiveCfg = Debug|Any CPU
		{7E08E11C-C252-4D28-83EB-771F9403E564}.Debug|Any CPU.Build.0 = Debug|Any CPU
		{7E08E11C-C252-4D28-83EB-771F9403E564}.Release|Any CPU.ActiveCfg = Release|Any CPU
		{7E08E11C-C252-4D28-83EB-771F9403E564}.Release|Any CPU.Build.0 = Release|Any CPU
		{22BD84CE-DF77-491A-829C-038F8D70A908}.Debug|Any CPU.ActiveCfg = Debug|Any CPU
		{22BD84CE-DF77-491A-829C-038F8D70A908}.Debug|Any CPU.Build.0 = Debug|Any CPU
		{22BD84CE-DF77-491A-829C-038F8D70A908}.Release|Any CPU.ActiveCfg = Release|Any CPU
		{22BD84CE-DF77-491A-829C-038F8D70A908}.Release|Any CPU.Build.0 = Release|Any CPU
		{A8FEDFD7-541D-48CA-822E-DF44F4FEA51F}.Debug|Any CPU.ActiveCfg = Debug|Any CPU
		{A8FEDFD7-541D-48CA-822E-DF44F4FEA51F}.Debug|Any CPU.Build.0 = Debug|Any CPU
		{A8FEDFD7-541D-48CA-822E-DF44F4FEA51F}.Release|Any CPU.ActiveCfg = Release|Any CPU
		{A8FEDFD7-541D-48CA-822E-DF44F4FEA51F}.Release|Any CPU.Build.0 = Release|Any CPU
		{D9836600-46BF-40BA-B6EE-59564C692A73}.Debug|Any CPU.ActiveCfg = Debug|Any CPU
		{D9836600-46BF-40BA-B6EE-59564C692A73}.Debug|Any CPU.Build.0 = Debug|Any CPU
		{D9836600-46BF-40BA-B6EE-59564C692A73}.Release|Any CPU.ActiveCfg = Release|Any CPU
		{D9836600-46BF-40BA-B6EE-59564C692A73}.Release|Any CPU.Build.0 = Release|Any CPU
	EndGlobalSection
	GlobalSection(SolutionProperties) = preSolution
		HideSolutionNode = FALSE
	EndGlobalSection
	GlobalSection(NestedProjects) = preSolution
		{3AE6B718-E409-4123-BD49-491B5EDBE6BF} = {8D74B045-F9B3-4B4D-AEA1-9E8943CFADCC}
		{0D038A10-7E0B-42C6-A2D9-5071F9E68DB7} = {DFDA6C79-78B0-480C-BF5F-08FD8C9BB532}
		{EA3BAC91-435A-4529-B621-6CE962D7CA70} = {DFDA6C79-78B0-480C-BF5F-08FD8C9BB532}
		{FFDFDEBF-8968-419F-BDBE-D162CD8231A3} = {7E0C54AA-7D67-4FE3-B3D8-BCE1F1C4A87C}
		{245B1925-3D49-4D33-93C0-5F124908C29D} = {8D74B045-F9B3-4B4D-AEA1-9E8943CFADCC}
		{AABEA77D-3C77-42CE-A3A3-0B4E398427A9} = {7E0C54AA-7D67-4FE3-B3D8-BCE1F1C4A87C}
		{DCAB2CB1-118E-410C-895F-870D93EBCA0F} = {8D74B045-F9B3-4B4D-AEA1-9E8943CFADCC}
		{C2C741E7-387D-4CC0-9C19-76C53C9FDD56} = {8D74B045-F9B3-4B4D-AEA1-9E8943CFADCC}
		{D1BF277C-02DD-4C79-AAC2-C765F6D9E122} = {8D74B045-F9B3-4B4D-AEA1-9E8943CFADCC}
		{D3D256CE-D2CC-4081-8986-034EFA311849} = {8D74B045-F9B3-4B4D-AEA1-9E8943CFADCC}
		{ED4951E5-0490-4D8E-B34D-2C8D60FD7042} = {7E0C54AA-7D67-4FE3-B3D8-BCE1F1C4A87C}
		{E2747178-6575-452E-BED3-6F33F2587225} = {DFDA6C79-78B0-480C-BF5F-08FD8C9BB532}
		{ED82787A-9454-447C-AEEB-5858DBFE6B46} = {DFDA6C79-78B0-480C-BF5F-08FD8C9BB532}
		{71257A0C-5B1C-43F2-B4CB-145E82FD4A01} = {DFDA6C79-78B0-480C-BF5F-08FD8C9BB532}
		{DB798FBB-FDFD-47A0-AC35-1220EB583119} = {DFDA6C79-78B0-480C-BF5F-08FD8C9BB532}
		{F045E8D6-30D0-4675-8E34-E8C9EB2E43CD} = {DFDA6C79-78B0-480C-BF5F-08FD8C9BB532}
		{50FB10BA-2AAD-490E-804A-AAC0846187EF} = {DFDA6C79-78B0-480C-BF5F-08FD8C9BB532}
		{517749B4-2C87-4684-A7D2-D3A646DCF7F6} = {DFDA6C79-78B0-480C-BF5F-08FD8C9BB532}
		{E45E4F34-97C0-4EBB-9B2E-4CE99A92F23D} = {DFDA6C79-78B0-480C-BF5F-08FD8C9BB532}
		{4A830182-93E2-4686-94EC-3DFB8751C727} = {DFDA6C79-78B0-480C-BF5F-08FD8C9BB532}
		{505970BA-AC87-4502-9356-B8872F2DF89B} = {7E0C54AA-7D67-4FE3-B3D8-BCE1F1C4A87C}
		{7E08E11C-C252-4D28-83EB-771F9403E564} = {7E0C54AA-7D67-4FE3-B3D8-BCE1F1C4A87C}
		{22BD84CE-DF77-491A-829C-038F8D70A908} = {DFDA6C79-78B0-480C-BF5F-08FD8C9BB532}
		{A8FEDFD7-541D-48CA-822E-DF44F4FEA51F} = {DFDA6C79-78B0-480C-BF5F-08FD8C9BB532}
	EndGlobalSection
	GlobalSection(ExtensibilityGlobals) = postSolution
		SolutionGuid = {7849C2D6-41CA-4E5E-B0B5-438DFDB44107}
	EndGlobalSection
EndGlobal
